
Microsoft Visual Studio Solution File, Format Version 12.00
# Visual Studio Version 17
VisualStudioVersion = 17.10.34928.147
MinimumVisualStudioVersion = 10.0.40219.1
Project("{FAE04EC0-301F-11D3-BF4B-00C04F79EFBC}") = "WebApi", "WebApi\WebApi.csproj", "{D9479275-40AA-4316-B26A-9DFA04D0795D}"
EndProject
Project("{FAE04EC0-301F-11D3-BF4B-00C04F79EFBC}") = "Infraestructure", "Infraestructure\Infraestructure.csproj", "{E11A4AF6-8B20-4C0E-888A-4D7AF2783AC7}"
EndProject
Project("{FAE04EC0-301F-11D3-BF4B-00C04F79EFBC}") = "Domain", "Domain\Domain.csproj", "{0C041712-C976-4BFC-8B2F-7FCB7626B5EA}"
EndProject
Project("{FAE04EC0-301F-11D3-BF4B-00C04F79EFBC}") = "Aplication", "Aplication\Aplication.csproj", "{1F10F804-2417-4040-9438-7BC35BC5B70B}"
EndProject
Project("{FAE04EC0-301F-11D3-BF4B-00C04F79EFBC}") = "HealthCheckTools", "HealthCheckTools\HealthCheckTools.csproj", "{10755E55-D99B-442D-977D-F163016E5BD5}"
EndProject
Global
	GlobalSection(SolutionConfigurationPlatforms) = preSolution
		Debug|Any CPU = Debug|Any CPU
		Release|Any CPU = Release|Any CPU
	EndGlobalSection
	GlobalSection(ProjectConfigurationPlatforms) = postSolution
		{D9479275-40AA-4316-B26A-9DFA04D0795D}.Debug|Any CPU.ActiveCfg = Debug|Any CPU
		{D9479275-40AA-4316-B26A-9DFA04D0795D}.Debug|Any CPU.Build.0 = Debug|Any CPU
		{D9479275-40AA-4316-B26A-9DFA04D0795D}.Release|Any CPU.ActiveCfg = Release|Any CPU
		{D9479275-40AA-4316-B26A-9DFA04D0795D}.Release|Any CPU.Build.0 = Release|Any CPU
		{E11A4AF6-8B20-4C0E-888A-4D7AF2783AC7}.Debug|Any CPU.ActiveCfg = Debug|Any CPU
		{E11A4AF6-8B20-4C0E-888A-4D7AF2783AC7}.Debug|Any CPU.Build.0 = Debug|Any CPU
		{E11A4AF6-8B20-4C0E-888A-4D7AF2783AC7}.Release|Any CPU.ActiveCfg = Release|Any CPU
		{E11A4AF6-8B20-4C0E-888A-4D7AF2783AC7}.Release|Any CPU.Build.0 = Release|Any CPU
		{0C041712-C976-4BFC-8B2F-7FCB7626B5EA}.Debug|Any CPU.ActiveCfg = Debug|Any CPU
		{0C041712-C976-4BFC-8B2F-7FCB7626B5EA}.Debug|Any CPU.Build.0 = Debug|Any CPU
		{0C041712-C976-4BFC-8B2F-7FCB7626B5EA}.Release|Any CPU.ActiveCfg = Release|Any CPU
		{0C041712-C976-4BFC-8B2F-7FCB7626B5EA}.Release|Any CPU.Build.0 = Release|Any CPU
		{1F10F804-2417-4040-9438-7BC35BC5B70B}.Debug|Any CPU.ActiveCfg = Debug|Any CPU
		{1F10F804-2417-4040-9438-7BC35BC5B70B}.Debug|Any CPU.Build.0 = Debug|Any CPU
		{1F10F804-2417-4040-9438-7BC35BC5B70B}.Release|Any CPU.ActiveCfg = Release|Any CPU
		{1F10F804-2417-4040-9438-7BC35BC5B70B}.Release|Any CPU.Build.0 = Release|Any CPU
		{10755E55-D99B-442D-977D-F163016E5BD5}.Debug|Any CPU.ActiveCfg = Debug|Any CPU
		{10755E55-D99B-442D-977D-F163016E5BD5}.Debug|Any CPU.Build.0 = Debug|Any CPU
		{10755E55-D99B-442D-977D-F163016E5BD5}.Release|Any CPU.ActiveCfg = Release|Any CPU
		{10755E55-D99B-442D-977D-F163016E5BD5}.Release|Any CPU.Build.0 = Release|Any CPU
	EndGlobalSection
	GlobalSection(SolutionProperties) = preSolution
		HideSolutionNode = FALSE
	EndGlobalSection
	GlobalSection(ExtensibilityGlobals) = postSolution
		SolutionGuid = {E0835197-EBF1-432F-B418-58E6DE314188}
	EndGlobalSection
EndGlobal
